
Microsoft Visual Studio Solution File, Format Version 12.00
Project("{FAE04EC0-301F-11D3-BF4B-00C04F79EFBC}") = "Configuration", "Configuration\Configuration.csproj", "{7D14ACC9-A8F0-429A-89EB-DCFA30F4F54B}"
EndProject
Project("{FAE04EC0-301F-11D3-BF4B-00C04F79EFBC}") = "ConfigurationTests", "ConfigurationTests\ConfigurationTests.csproj", "{EC706C93-0B78-4BE8-9A75-578FD29499E1}"
EndProject
Global
	GlobalSection(SolutionConfigurationPlatforms) = preSolution
		Debug|Any CPU = Debug|Any CPU
		Release|Any CPU = Release|Any CPU
	EndGlobalSection
	GlobalSection(ProjectConfigurationPlatforms) = postSolution
		{7D14ACC9-A8F0-429A-89EB-DCFA30F4F54B}.Debug|Any CPU.ActiveCfg = Debug|Any CPU
		{7D14ACC9-A8F0-429A-89EB-DCFA30F4F54B}.Debug|Any CPU.Build.0 = Debug|Any CPU
		{7D14ACC9-A8F0-429A-89EB-DCFA30F4F54B}.Release|Any CPU.ActiveCfg = Release|Any CPU
		{7D14ACC9-A8F0-429A-89EB-DCFA30F4F54B}.Release|Any CPU.Build.0 = Release|Any CPU
		{EC706C93-0B78-4BE8-9A75-578FD29499E1}.Debug|Any CPU.ActiveCfg = Debug|Any CPU
		{EC706C93-0B78-4BE8-9A75-578FD29499E1}.Debug|Any CPU.Build.0 = Debug|Any CPU
		{EC706C93-0B78-4BE8-9A75-578FD29499E1}.Release|Any CPU.ActiveCfg = Release|Any CPU
		{EC706C93-0B78-4BE8-9A75-578FD29499E1}.Release|Any CPU.Build.0 = Release|Any CPU
	EndGlobalSection
EndGlobal
