
Microsoft Visual Studio Solution File, Format Version 12.00
Project("{FAE04EC0-301F-11D3-BF4B-00C04F79EFBC}") = "Configuration", "Configuration\Configuration.csproj", "{7D14ACC9-A8F0-429A-89EB-DCFA30F4F54B}"
EndProject
Project("{FAE04EC0-301F-11D3-BF4B-00C04F79EFBC}") = "ConfigurationTests", "ConfigurationTests\ConfigurationTests.csproj", "{EC706C93-0B78-4BE8-9A75-578FD29499E1}"
EndProject
Project("{FAE04EC0-301F-11D3-BF4B-00C04F79EFBC}") = "Configuration.Base", "Configuration.Base\Configuration.Base.csproj", "{42A11B9B-240B-4B37-8675-B51E4141E820}"
EndProject
Project("{FAE04EC0-301F-11D3-BF4B-00C04F79EFBC}") = "Configuration.EF", "Configuration.EF\Configuration.EF.csproj", "{D17D6FE4-340F-49A7-8BA0-F6543A4F55EF}"
EndProject
Project("{FAE04EC0-301F-11D3-BF4B-00C04F79EFBC}") = "Configuration.EFTests", "Configuration.EFTests\Configuration.EFTests.csproj", "{B9F4E90C-DC60-429F-BFE9-D09A243B1157}"
EndProject
Global
	GlobalSection(SolutionConfigurationPlatforms) = preSolution
		Debug|Any CPU = Debug|Any CPU
		Release|Any CPU = Release|Any CPU
	EndGlobalSection
	GlobalSection(ProjectConfigurationPlatforms) = postSolution
		{7D14ACC9-A8F0-429A-89EB-DCFA30F4F54B}.Debug|Any CPU.ActiveCfg = Debug|Any CPU
		{7D14ACC9-A8F0-429A-89EB-DCFA30F4F54B}.Debug|Any CPU.Build.0 = Debug|Any CPU
		{7D14ACC9-A8F0-429A-89EB-DCFA30F4F54B}.Release|Any CPU.ActiveCfg = Release|Any CPU
		{7D14ACC9-A8F0-429A-89EB-DCFA30F4F54B}.Release|Any CPU.Build.0 = Release|Any CPU
		{EC706C93-0B78-4BE8-9A75-578FD29499E1}.Debug|Any CPU.ActiveCfg = Debug|Any CPU
		{EC706C93-0B78-4BE8-9A75-578FD29499E1}.Debug|Any CPU.Build.0 = Debug|Any CPU
		{EC706C93-0B78-4BE8-9A75-578FD29499E1}.Release|Any CPU.ActiveCfg = Release|Any CPU
		{EC706C93-0B78-4BE8-9A75-578FD29499E1}.Release|Any CPU.Build.0 = Release|Any CPU
		{42A11B9B-240B-4B37-8675-B51E4141E820}.Debug|Any CPU.ActiveCfg = Debug|Any CPU
		{42A11B9B-240B-4B37-8675-B51E4141E820}.Debug|Any CPU.Build.0 = Debug|Any CPU
		{42A11B9B-240B-4B37-8675-B51E4141E820}.Release|Any CPU.ActiveCfg = Release|Any CPU
		{42A11B9B-240B-4B37-8675-B51E4141E820}.Release|Any CPU.Build.0 = Release|Any CPU
		{D17D6FE4-340F-49A7-8BA0-F6543A4F55EF}.Debug|Any CPU.ActiveCfg = Debug|Any CPU
		{D17D6FE4-340F-49A7-8BA0-F6543A4F55EF}.Debug|Any CPU.Build.0 = Debug|Any CPU
		{D17D6FE4-340F-49A7-8BA0-F6543A4F55EF}.Release|Any CPU.ActiveCfg = Release|Any CPU
		{D17D6FE4-340F-49A7-8BA0-F6543A4F55EF}.Release|Any CPU.Build.0 = Release|Any CPU
		{B9F4E90C-DC60-429F-BFE9-D09A243B1157}.Debug|Any CPU.ActiveCfg = Debug|Any CPU
		{B9F4E90C-DC60-429F-BFE9-D09A243B1157}.Debug|Any CPU.Build.0 = Debug|Any CPU
		{B9F4E90C-DC60-429F-BFE9-D09A243B1157}.Release|Any CPU.ActiveCfg = Release|Any CPU
		{B9F4E90C-DC60-429F-BFE9-D09A243B1157}.Release|Any CPU.Build.0 = Release|Any CPU
	EndGlobalSection
EndGlobal
